
Microsoft Visual Studio Solution File, Format Version 12.00
# Visual Studio Version 17
VisualStudioVersion = 17.4.33403.182
MinimumVisualStudioVersion = 10.0.40219.1
Project("{9A19103F-16F7-4668-BE54-9A1E7A4F7556}") = "Web", "Web\Web.csproj", "{1DB28E3C-008E-4060-9686-86443998D2C3}"
EndProject
Project("{FAE04EC0-301F-11D3-BF4B-00C04F79EFBC}") = "CapstoneProjects.DataAccess", "DataAccess\CapstoneProjects.DataAccess.csproj", "{EC13B764-8CA6-40C2-A5E0-33FBEF360218}"
EndProject
Project("{FAE04EC0-301F-11D3-BF4B-00C04F79EFBC}") = "CapstoneProjects.Models", "Models\CapstoneProjects.Models.csproj", "{378ADAC7-9FD5-4CBF-85FE-938600239969}"
EndProject
Project("{FAE04EC0-301F-11D3-BF4B-00C04F79EFBC}") = "Utility", "Utility\Utility.csproj", "{EB36C61D-7943-497D-9582-CD153C880B9A}"
EndProject
Global
	GlobalSection(SolutionConfigurationPlatforms) = preSolution
		Debug|Any CPU = Debug|Any CPU
		Release|Any CPU = Release|Any CPU
	EndGlobalSection
	GlobalSection(ProjectConfigurationPlatforms) = postSolution
		{1DB28E3C-008E-4060-9686-86443998D2C3}.Debug|Any CPU.ActiveCfg = Debug|Any CPU
		{1DB28E3C-008E-4060-9686-86443998D2C3}.Debug|Any CPU.Build.0 = Debug|Any CPU
		{1DB28E3C-008E-4060-9686-86443998D2C3}.Release|Any CPU.ActiveCfg = Release|Any CPU
		{1DB28E3C-008E-4060-9686-86443998D2C3}.Release|Any CPU.Build.0 = Release|Any CPU
		{EC13B764-8CA6-40C2-A5E0-33FBEF360218}.Debug|Any CPU.ActiveCfg = Debug|Any CPU
		{EC13B764-8CA6-40C2-A5E0-33FBEF360218}.Debug|Any CPU.Build.0 = Debug|Any CPU
		{EC13B764-8CA6-40C2-A5E0-33FBEF360218}.Release|Any CPU.ActiveCfg = Release|Any CPU
		{EC13B764-8CA6-40C2-A5E0-33FBEF360218}.Release|Any CPU.Build.0 = Release|Any CPU
		{378ADAC7-9FD5-4CBF-85FE-938600239969}.Debug|Any CPU.ActiveCfg = Debug|Any CPU
		{378ADAC7-9FD5-4CBF-85FE-938600239969}.Debug|Any CPU.Build.0 = Debug|Any CPU
		{378ADAC7-9FD5-4CBF-85FE-938600239969}.Release|Any CPU.ActiveCfg = Release|Any CPU
		{378ADAC7-9FD5-4CBF-85FE-938600239969}.Release|Any CPU.Build.0 = Release|Any CPU
		{EB36C61D-7943-497D-9582-CD153C880B9A}.Debug|Any CPU.ActiveCfg = Debug|Any CPU
		{EB36C61D-7943-497D-9582-CD153C880B9A}.Debug|Any CPU.Build.0 = Debug|Any CPU
		{EB36C61D-7943-497D-9582-CD153C880B9A}.Release|Any CPU.ActiveCfg = Release|Any CPU
		{EB36C61D-7943-497D-9582-CD153C880B9A}.Release|Any CPU.Build.0 = Release|Any CPU
	EndGlobalSection
	GlobalSection(SolutionProperties) = preSolution
		HideSolutionNode = FALSE
	EndGlobalSection
	GlobalSection(ExtensibilityGlobals) = postSolution
		SolutionGuid = {6CDDF25F-9EF8-49B9-BB9B-359ADD70D6C0}
	EndGlobalSection
EndGlobal
